
Microsoft Visual Studio Solution File, Format Version 12.00
# Visual Studio Version 17
VisualStudioVersion = 17.4.33205.214
MinimumVisualStudioVersion = 10.0.40219.1
Project("{FAE04EC0-301F-11D3-BF4B-00C04F79EFBC}") = "Twoishday", "Twoishday.csproj", "{7DFDEEF3-CB8E-432A-9DA7-A3B7C766B0FC}"
EndProject
Global
	GlobalSection(SolutionConfigurationPlatforms) = preSolution
		Debug|Any CPU = Debug|Any CPU
		Release|Any CPU = Release|Any CPU
	EndGlobalSection
	GlobalSection(ProjectConfigurationPlatforms) = postSolution
		{7DFDEEF3-CB8E-432A-9DA7-A3B7C766B0FC}.Debug|Any CPU.ActiveCfg = Debug|Any CPU
		{7DFDEEF3-CB8E-432A-9DA7-A3B7C766B0FC}.Debug|Any CPU.Build.0 = Debug|Any CPU
		{7DFDEEF3-CB8E-432A-9DA7-A3B7C766B0FC}.Release|Any CPU.ActiveCfg = Release|Any CPU
		{7DFDEEF3-CB8E-432A-9DA7-A3B7C766B0FC}.Release|Any CPU.Build.0 = Release|Any CPU
	EndGlobalSection
	GlobalSection(SolutionProperties) = preSolution
		HideSolutionNode = FALSE
	EndGlobalSection
	GlobalSection(ExtensibilityGlobals) = postSolution
		SolutionGuid = {9FB148DD-AC6B-4B92-9A64-056EF8D9FE46}
	EndGlobalSection
EndGlobal
